
Microsoft Visual Studio Solution File, Format Version 12.00
# Visual Studio Version 16
VisualStudioVersion = 16.0.29806.167
MinimumVisualStudioVersion = 10.0.40219.1
Project("{9A19103F-16F7-4668-BE54-9A1E7A4F7556}") = "brendan-project0", "brendan-project0\brendan-project0.csproj", "{7411EF3F-DE16-405C-8FD1-E330741FE25D}"
EndProject
Project("{9A19103F-16F7-4668-BE54-9A1E7A4F7556}") = "Project0.Library", "Project0.Library\Project0.Library.csproj", "{EC938E6B-37AF-415D-921B-E740852CFE89}"
EndProject
Global
	GlobalSection(SolutionConfigurationPlatforms) = preSolution
		Debug|Any CPU = Debug|Any CPU
		Release|Any CPU = Release|Any CPU
	EndGlobalSection
	GlobalSection(ProjectConfigurationPlatforms) = postSolution
		{7411EF3F-DE16-405C-8FD1-E330741FE25D}.Debug|Any CPU.ActiveCfg = Debug|Any CPU
		{7411EF3F-DE16-405C-8FD1-E330741FE25D}.Debug|Any CPU.Build.0 = Debug|Any CPU
		{7411EF3F-DE16-405C-8FD1-E330741FE25D}.Release|Any CPU.ActiveCfg = Release|Any CPU
		{7411EF3F-DE16-405C-8FD1-E330741FE25D}.Release|Any CPU.Build.0 = Release|Any CPU
		{EC938E6B-37AF-415D-921B-E740852CFE89}.Debug|Any CPU.ActiveCfg = Debug|Any CPU
		{EC938E6B-37AF-415D-921B-E740852CFE89}.Debug|Any CPU.Build.0 = Debug|Any CPU
		{EC938E6B-37AF-415D-921B-E740852CFE89}.Release|Any CPU.ActiveCfg = Release|Any CPU
		{EC938E6B-37AF-415D-921B-E740852CFE89}.Release|Any CPU.Build.0 = Release|Any CPU
	EndGlobalSection
	GlobalSection(SolutionProperties) = preSolution
		HideSolutionNode = FALSE
	EndGlobalSection
	GlobalSection(ExtensibilityGlobals) = postSolution
		SolutionGuid = {59BC546E-8F6C-497A-8ED6-5BA0F1111479}
	EndGlobalSection
EndGlobal
